
Microsoft Visual Studio Solution File, Format Version 12.00
# Visual Studio Version 17
VisualStudioVersion = 17.0.31717.71
MinimumVisualStudioVersion = 10.0.40219.1
Project("{9A19103F-16F7-4668-BE54-9A1E7A4F7556}") = "Sibers.ProjectManagementSystem.Presentation.Blazor", "Sibers.ProjectManagementSystem.Presentation.Blazor.csproj", "{4E187B76-EDA2-4803-9D79-E980FE473C1D}"
EndProject
Global
	GlobalSection(SolutionConfigurationPlatforms) = preSolution
		Debug|Any CPU = Debug|Any CPU
		Release|Any CPU = Release|Any CPU
	EndGlobalSection
	GlobalSection(ProjectConfigurationPlatforms) = postSolution
		{4E187B76-EDA2-4803-9D79-E980FE473C1D}.Debug|Any CPU.ActiveCfg = Debug|Any CPU
		{4E187B76-EDA2-4803-9D79-E980FE473C1D}.Debug|Any CPU.Build.0 = Debug|Any CPU
		{4E187B76-EDA2-4803-9D79-E980FE473C1D}.Release|Any CPU.ActiveCfg = Release|Any CPU
		{4E187B76-EDA2-4803-9D79-E980FE473C1D}.Release|Any CPU.Build.0 = Release|Any CPU
	EndGlobalSection
	GlobalSection(SolutionProperties) = preSolution
		HideSolutionNode = FALSE
	EndGlobalSection
	GlobalSection(ExtensibilityGlobals) = postSolution
		SolutionGuid = {BFB69F2A-9DCC-4F60-99B1-22039262B7D3}
	EndGlobalSection
EndGlobal