
Microsoft Visual Studio Solution File, Format Version 12.00
# Visual Studio Version 17
VisualStudioVersion = 17.0.31903.59
MinimumVisualStudioVersion = 10.0.40219.1
Project("{FAE04EC0-301F-11D3-BF4B-00C04F79EFBC}") = "Sibers.ProjectManagementSystem.SharedKernel", "src\Sibers.ProjectManagementSystem.SharedKernel\Sibers.ProjectManagementSystem.SharedKernel.csproj", "{A1957726-E0DB-4ADA-BDA0-3650FC64572E}"
EndProject
Project("{FAE04EC0-301F-11D3-BF4B-00C04F79EFBC}") = "Sibers.ProjectManagementSystem.Domain", "src\Sibers.ProjectManagementSystem.Domain\Sibers.ProjectManagementSystem.Domain.csproj", "{9A7B6265-F159-472A-873D-7C12B31DDF13}"
EndProject
Project("{FAE04EC0-301F-11D3-BF4B-00C04F79EFBC}") = "Sibers.ProjectManagementSystem.UnitTests", "tests\Sibers.ProjectManagementSystem.UnitTests\Sibers.ProjectManagementSystem.UnitTests.csproj", "{F17E5B18-DB95-4E9E-B689-0C180B9EBCA2}"
EndProject
Project("{FAE04EC0-301F-11D3-BF4B-00C04F79EFBC}") = "Sibers.ProjectManagementSystem.Application", "src\Sibers.ProjectManagementSystem.Application\Sibers.ProjectManagementSystem.Application.csproj", "{2C7C0F79-48F6-4B6B-A9B7-5E7720683B7F}"
EndProject
Project("{FAE04EC0-301F-11D3-BF4B-00C04F79EFBC}") = "Sibers.ProjectManagementSystem.IntegrationTests", "tests\Sibers.ProjectManagementSystem.IntegrationTests\Sibers.ProjectManagementSystem.IntegrationTests.csproj", "{860000C8-7A04-48CD-9CAE-95328AF89EBA}"
EndProject
Project("{FAE04EC0-301F-11D3-BF4B-00C04F79EFBC}") = "Sibers.ProjectManagementSystem.Data", "src\Sibers.ProjectManagementSystem.Data\Sibers.ProjectManagementSystem.Data.csproj", "{0636B1AE-DE17-4F52-B198-A08D44F422D3}"
EndProject
Project("{FAE04EC0-301F-11D3-BF4B-00C04F79EFBC}") = "Sibers.ProjectManagementSystem.Data.MSSQL", "src\Sibers.ProjectManagementSystem.Data.MSSQL\Sibers.ProjectManagementSystem.Data.MSSQL.csproj", "{D649BAE3-5610-4733-893F-7FC346E41F7A}"
EndProject
Project("{FAE04EC0-301F-11D3-BF4B-00C04F79EFBC}") = "Sibers.ProjectManagementSystem.Presentation.Blazor", "src\Sibers.ProjectManagementSystem.Presentation.Blazor\Sibers.ProjectManagementSystem.Presentation.Blazor.csproj", "{ECF9EE87-86AF-4755-B60D-906C67A47EFB}"
EndProject
Project("{FAE04EC0-301F-11D3-BF4B-00C04F79EFBC}") = "Sibers.ProjectManagementSystem.Api", "src\Sibers.ProjectManagementSystem.Api\Sibers.ProjectManagementSystem.Api.csproj", "{A3D933C3-D966-4579-8779-5C22A33B6550}"
EndProject
Global
	GlobalSection(SolutionConfigurationPlatforms) = preSolution
		Debug|Any CPU = Debug|Any CPU
		Release|Any CPU = Release|Any CPU
	EndGlobalSection
	GlobalSection(ProjectConfigurationPlatforms) = postSolution
		{A1957726-E0DB-4ADA-BDA0-3650FC64572E}.Debug|Any CPU.ActiveCfg = Debug|Any CPU
		{A1957726-E0DB-4ADA-BDA0-3650FC64572E}.Debug|Any CPU.Build.0 = Debug|Any CPU
		{A1957726-E0DB-4ADA-BDA0-3650FC64572E}.Release|Any CPU.ActiveCfg = Release|Any CPU
		{A1957726-E0DB-4ADA-BDA0-3650FC64572E}.Release|Any CPU.Build.0 = Release|Any CPU
		{9A7B6265-F159-472A-873D-7C12B31DDF13}.Debug|Any CPU.ActiveCfg = Debug|Any CPU
		{9A7B6265-F159-472A-873D-7C12B31DDF13}.Debug|Any CPU.Build.0 = Debug|Any CPU
		{9A7B6265-F159-472A-873D-7C12B31DDF13}.Release|Any CPU.ActiveCfg = Release|Any CPU
		{9A7B6265-F159-472A-873D-7C12B31DDF13}.Release|Any CPU.Build.0 = Release|Any CPU
		{F17E5B18-DB95-4E9E-B689-0C180B9EBCA2}.Debug|Any CPU.ActiveCfg = Debug|Any CPU
		{F17E5B18-DB95-4E9E-B689-0C180B9EBCA2}.Debug|Any CPU.Build.0 = Debug|Any CPU
		{F17E5B18-DB95-4E9E-B689-0C180B9EBCA2}.Release|Any CPU.ActiveCfg = Release|Any CPU
		{F17E5B18-DB95-4E9E-B689-0C180B9EBCA2}.Release|Any CPU.Build.0 = Release|Any CPU
		{2C7C0F79-48F6-4B6B-A9B7-5E7720683B7F}.Debug|Any CPU.ActiveCfg = Debug|Any CPU
		{2C7C0F79-48F6-4B6B-A9B7-5E7720683B7F}.Debug|Any CPU.Build.0 = Debug|Any CPU
		{2C7C0F79-48F6-4B6B-A9B7-5E7720683B7F}.Release|Any CPU.ActiveCfg = Release|Any CPU
		{2C7C0F79-48F6-4B6B-A9B7-5E7720683B7F}.Release|Any CPU.Build.0 = Release|Any CPU
		{860000C8-7A04-48CD-9CAE-95328AF89EBA}.Debug|Any CPU.ActiveCfg = Debug|Any CPU
		{860000C8-7A04-48CD-9CAE-95328AF89EBA}.Debug|Any CPU.Build.0 = Debug|Any CPU
		{860000C8-7A04-48CD-9CAE-95328AF89EBA}.Release|Any CPU.ActiveCfg = Release|Any CPU
		{860000C8-7A04-48CD-9CAE-95328AF89EBA}.Release|Any CPU.Build.0 = Release|Any CPU
		{0636B1AE-DE17-4F52-B198-A08D44F422D3}.Debug|Any CPU.ActiveCfg = Debug|Any CPU
		{0636B1AE-DE17-4F52-B198-A08D44F422D3}.Debug|Any CPU.Build.0 = Debug|Any CPU
		{0636B1AE-DE17-4F52-B198-A08D44F422D3}.Release|Any CPU.ActiveCfg = Release|Any CPU
		{0636B1AE-DE17-4F52-B198-A08D44F422D3}.Release|Any CPU.Build.0 = Release|Any CPU
		{D649BAE3-5610-4733-893F-7FC346E41F7A}.Debug|Any CPU.ActiveCfg = Debug|Any CPU
		{D649BAE3-5610-4733-893F-7FC346E41F7A}.Debug|Any CPU.Build.0 = Debug|Any CPU
		{D649BAE3-5610-4733-893F-7FC346E41F7A}.Release|Any CPU.ActiveCfg = Release|Any CPU
		{D649BAE3-5610-4733-893F-7FC346E41F7A}.Release|Any CPU.Build.0 = Release|Any CPU
		{ECF9EE87-86AF-4755-B60D-906C67A47EFB}.Debug|Any CPU.ActiveCfg = Debug|Any CPU
		{ECF9EE87-86AF-4755-B60D-906C67A47EFB}.Debug|Any CPU.Build.0 = Debug|Any CPU
		{ECF9EE87-86AF-4755-B60D-906C67A47EFB}.Release|Any CPU.ActiveCfg = Release|Any CPU
		{ECF9EE87-86AF-4755-B60D-906C67A47EFB}.Release|Any CPU.Build.0 = Release|Any CPU
		{A3D933C3-D966-4579-8779-5C22A33B6550}.Debug|Any CPU.ActiveCfg = Debug|Any CPU
		{A3D933C3-D966-4579-8779-5C22A33B6550}.Debug|Any CPU.Build.0 = Debug|Any CPU
		{A3D933C3-D966-4579-8779-5C22A33B6550}.Release|Any CPU.ActiveCfg = Release|Any CPU
		{A3D933C3-D966-4579-8779-5C22A33B6550}.Release|Any CPU.Build.0 = Release|Any CPU
	EndGlobalSection
	GlobalSection(SolutionProperties) = preSolution
		HideSolutionNode = FALSE
	EndGlobalSection
	GlobalSection(ExtensibilityGlobals) = postSolution
		SolutionGuid = {9416B957-6BD5-4C90-8EF3-5BF3EEF1B01B}
	EndGlobalSection
EndGlobal
